
Microsoft Visual Studio Solution File, Format Version 12.00
# Visual Studio Version 16
VisualStudioVersion = 16.0.29102.190
MinimumVisualStudioVersion = 10.0.40219.1
Project("{FAE04EC0-301F-11D3-BF4B-00C04F79EFBC}") = "Classes", "Classes\Classes.csproj", "{7E462690-69C0-4F32-A781-502E26F55717}"
EndProject
Project("{FAE04EC0-301F-11D3-BF4B-00C04F79EFBC}") = "Task1", "Tasc1\Task1.csproj", "{83C97DA6-D6E3-4FD2-A493-152E345FF5B9}"
EndProject
Project("{FAE04EC0-301F-11D3-BF4B-00C04F79EFBC}") = "Task2", "Tasc2\Task2.csproj", "{1FC9F716-66AC-42E6-A517-0199B8E7F9F5}"
EndProject
Project("{FAE04EC0-301F-11D3-BF4B-00C04F79EFBC}") = "Task3", "Tasc3\Task3.csproj", "{13E0270D-B8CD-4E68-9DC1-11A2D4DB9E89}"
EndProject
Project("{FAE04EC0-301F-11D3-BF4B-00C04F79EFBC}") = "Task4", "Task4\Task4.csproj", "{B8F38642-304E-4423-A1B1-0F7416D673DB}"
EndProject
Project("{FAE04EC0-301F-11D3-BF4B-00C04F79EFBC}") = "Task5", "Task5\Task5.csproj", "{0B3169DE-2084-4978-8505-F6750E0C25A2}"
EndProject
Project("{FAE04EC0-301F-11D3-BF4B-00C04F79EFBC}") = "Task6", "Task6\Task6.csproj", "{B5478045-C008-4615-A25F-1569D206536F}"
EndProject
Project("{FAE04EC0-301F-11D3-BF4B-00C04F79EFBC}") = "Task7", "Task7\Task7.csproj", "{B92CD70E-D253-4C95-8788-406098F1EDA0}"
EndProject
Global
	GlobalSection(SolutionConfigurationPlatforms) = preSolution
		Debug|Any CPU = Debug|Any CPU
		Release|Any CPU = Release|Any CPU
	EndGlobalSection
	GlobalSection(ProjectConfigurationPlatforms) = postSolution
		{7E462690-69C0-4F32-A781-502E26F55717}.Debug|Any CPU.ActiveCfg = Debug|Any CPU
		{7E462690-69C0-4F32-A781-502E26F55717}.Debug|Any CPU.Build.0 = Debug|Any CPU
		{7E462690-69C0-4F32-A781-502E26F55717}.Release|Any CPU.ActiveCfg = Release|Any CPU
		{7E462690-69C0-4F32-A781-502E26F55717}.Release|Any CPU.Build.0 = Release|Any CPU
		{83C97DA6-D6E3-4FD2-A493-152E345FF5B9}.Debug|Any CPU.ActiveCfg = Debug|Any CPU
		{83C97DA6-D6E3-4FD2-A493-152E345FF5B9}.Debug|Any CPU.Build.0 = Debug|Any CPU
		{83C97DA6-D6E3-4FD2-A493-152E345FF5B9}.Release|Any CPU.ActiveCfg = Release|Any CPU
		{83C97DA6-D6E3-4FD2-A493-152E345FF5B9}.Release|Any CPU.Build.0 = Release|Any CPU
		{1FC9F716-66AC-42E6-A517-0199B8E7F9F5}.Debug|Any CPU.ActiveCfg = Debug|Any CPU
		{1FC9F716-66AC-42E6-A517-0199B8E7F9F5}.Debug|Any CPU.Build.0 = Debug|Any CPU
		{1FC9F716-66AC-42E6-A517-0199B8E7F9F5}.Release|Any CPU.ActiveCfg = Release|Any CPU
		{1FC9F716-66AC-42E6-A517-0199B8E7F9F5}.Release|Any CPU.Build.0 = Release|Any CPU
		{13E0270D-B8CD-4E68-9DC1-11A2D4DB9E89}.Debug|Any CPU.ActiveCfg = Debug|Any CPU
		{13E0270D-B8CD-4E68-9DC1-11A2D4DB9E89}.Debug|Any CPU.Build.0 = Debug|Any CPU
		{13E0270D-B8CD-4E68-9DC1-11A2D4DB9E89}.Release|Any CPU.ActiveCfg = Release|Any CPU
		{13E0270D-B8CD-4E68-9DC1-11A2D4DB9E89}.Release|Any CPU.Build.0 = Release|Any CPU
		{B8F38642-304E-4423-A1B1-0F7416D673DB}.Debug|Any CPU.ActiveCfg = Debug|Any CPU
		{B8F38642-304E-4423-A1B1-0F7416D673DB}.Debug|Any CPU.Build.0 = Debug|Any CPU
		{B8F38642-304E-4423-A1B1-0F7416D673DB}.Release|Any CPU.ActiveCfg = Release|Any CPU
		{B8F38642-304E-4423-A1B1-0F7416D673DB}.Release|Any CPU.Build.0 = Release|Any CPU
		{0B3169DE-2084-4978-8505-F6750E0C25A2}.Debug|Any CPU.ActiveCfg = Debug|Any CPU
		{0B3169DE-2084-4978-8505-F6750E0C25A2}.Debug|Any CPU.Build.0 = Debug|Any CPU
		{0B3169DE-2084-4978-8505-F6750E0C25A2}.Release|Any CPU.ActiveCfg = Release|Any CPU
		{0B3169DE-2084-4978-8505-F6750E0C25A2}.Release|Any CPU.Build.0 = Release|Any CPU
		{B5478045-C008-4615-A25F-1569D206536F}.Debug|Any CPU.ActiveCfg = Debug|Any CPU
		{B5478045-C008-4615-A25F-1569D206536F}.Debug|Any CPU.Build.0 = Debug|Any CPU
		{B5478045-C008-4615-A25F-1569D206536F}.Release|Any CPU.ActiveCfg = Release|Any CPU
		{B5478045-C008-4615-A25F-1569D206536F}.Release|Any CPU.Build.0 = Release|Any CPU
		{B92CD70E-D253-4C95-8788-406098F1EDA0}.Debug|Any CPU.ActiveCfg = Debug|Any CPU
		{B92CD70E-D253-4C95-8788-406098F1EDA0}.Debug|Any CPU.Build.0 = Debug|Any CPU
		{B92CD70E-D253-4C95-8788-406098F1EDA0}.Release|Any CPU.ActiveCfg = Release|Any CPU
		{B92CD70E-D253-4C95-8788-406098F1EDA0}.Release|Any CPU.Build.0 = Release|Any CPU
	EndGlobalSection
	GlobalSection(SolutionProperties) = preSolution
		HideSolutionNode = FALSE
	EndGlobalSection
	GlobalSection(ExtensibilityGlobals) = postSolution
		SolutionGuid = {88949BA7-0614-43AD-B1EB-29A660934E29}
	EndGlobalSection
EndGlobal
